Microsoft Visual Studio Solution File, Format Version 12.00
# Visual Studio Version 17
VisualStudioVersion = 17.5.2.0
MinimumVisualStudioVersion = 10.0.40219.1
Project("{FAE04EC0-301F-11D3-BF4B-00C04F79EFBC}") = "05 - Construindo um Sistema de Agendamento", "05 - Construindo um Sistema de Agendamento.csproj", "{F1A1A3F1-E2B4-87B2-FFA0-E23CD6491911}"
EndProject
Global
	GlobalSection(SolutionConfigurationPlatforms) = preSolution
		Debug|Any CPU = Debug|Any CPU
		Release|Any CPU = Release|Any CPU
	EndGlobalSection
	GlobalSection(ProjectConfigurationPlatforms) = postSolution
		{F1A1A3F1-E2B4-87B2-FFA0-E23CD6491911}.Debug|Any CPU.ActiveCfg = Debug|Any CPU
		{F1A1A3F1-E2B4-87B2-FFA0-E23CD6491911}.Debug|Any CPU.Build.0 = Debug|Any CPU
		{F1A1A3F1-E2B4-87B2-FFA0-E23CD6491911}.Release|Any CPU.ActiveCfg = Release|Any CPU
		{F1A1A3F1-E2B4-87B2-FFA0-E23CD6491911}.Release|Any CPU.Build.0 = Release|Any CPU
	EndGlobalSection
	GlobalSection(SolutionProperties) = preSolution
		HideSolutionNode = FALSE
	EndGlobalSection
	GlobalSection(ExtensibilityGlobals) = postSolution
		SolutionGuid = {0A55BF29-D16F-4293-BCFB-B25FE5394781}
	EndGlobalSection
EndGlobal
