Microsoft Visual Studio Solution File, Format Version 12.00
# Visual Studio Version 17
VisualStudioVersion = 17.5.2.0
MinimumVisualStudioVersion = 10.0.40219.1
Project("{FAE04EC0-301F-11D3-BF4B-00C04F79EFBC}") = "02 - Construindo um Sistema de Hospedagem", "02 - Construindo um Sistema de Hospedagem.csproj", "{9E298244-592A-7D0B-45EF-D5C0714E4F6B}"
EndProject
Global
	GlobalSection(SolutionConfigurationPlatforms) = preSolution
		Debug|Any CPU = Debug|Any CPU
		Release|Any CPU = Release|Any CPU
	EndGlobalSection
	GlobalSection(ProjectConfigurationPlatforms) = postSolution
		{9E298244-592A-7D0B-45EF-D5C0714E4F6B}.Debug|Any CPU.ActiveCfg = Debug|Any CPU
		{9E298244-592A-7D0B-45EF-D5C0714E4F6B}.Debug|Any CPU.Build.0 = Debug|Any CPU
		{9E298244-592A-7D0B-45EF-D5C0714E4F6B}.Release|Any CPU.ActiveCfg = Release|Any CPU
		{9E298244-592A-7D0B-45EF-D5C0714E4F6B}.Release|Any CPU.Build.0 = Release|Any CPU
	EndGlobalSection
	GlobalSection(SolutionProperties) = preSolution
		HideSolutionNode = FALSE
	EndGlobalSection
	GlobalSection(ExtensibilityGlobals) = postSolution
		SolutionGuid = {7FCE42A1-DF5D-4513-9136-EA97ED0C04BB}
	EndGlobalSection
EndGlobal
